{
  "requires": true,
  "lockfileVersion": 1,
  "dependencies": {
    "jquery": {
      "version": "3.3.1",
      "resolved": "https://registry.npmjs.org/jquery/-/jquery-3.3.1.tgz",
      "integrity": "sha512-Ubldcmxp5np52/ENotGxlLe6aGMvmF4R8S6tZjsP6Knsaxd/xp3Zrh50cG93lR6nPXyUFwzN3ZSOQI0wRJNdGg=="
    },
    "jquery-jeditable": {
      "version": "2.0.7",
      "resolved": "https://registry.npmjs.org/jquery-jeditable/-/jquery-jeditable-2.0.7.tgz",
      "integrity": "sha512-BFmyospsYzJegRPJCd0pIjv195vE+/FnUbIcEiOmkHAzl0Yw857ShU6Gn8jUDma6V1MA6RQ7AjN/mvLRd1wpuQ==",
      "requires": {
        "jquery": "^3.3.1"
      }
    }
  }
}
